// !$*UTF8*$!
{
	archiveVersion = 1;
	classes = {
	};
	objectVersion = 56;
	objects = {

/* Begin PBXBuildFile section */
		7B5997392CCE623F0035474F /* AppDelegate.swift in Sources */ = {isa = PBXBuildFile; fileRef = 7B5997382CCE623F0035474F /* AppDelegate.swift */; };
		7B59973B2CCE623F0035474F /* SceneDelegate.swift in Sources */ = {isa = PBXBuildFile; fileRef = 7B59973A2CCE623F0035474F /* SceneDelegate.swift */; };
		7B59973D2CCE623F0035474F /* ViewController.swift in Sources */ = {isa = PBXBuildFile; fileRef = 7B59973C2CCE623F0035474F /* ViewController.swift */; };
		7B5997402CCE623F0035474F /* Base in Resources */ = {isa = PBXBuildFile; fileRef = 7B59973F2CCE623F0035474F /* Base */; };
		7B5997422CCE62400035474F /* Assets.xcassets in Resources */ = {isa = PBXBuildFile; fileRef = 7B5997412CCE62400035474F /* Assets.xcassets */; };
		7B5997452CCE62400035474F /* Base in Resources */ = {isa = PBXBuildFile; fileRef = 7B5997442CCE62400035474F /* Base */; };
		7B5997692CCE62AD0035474F /* TableViewController.swift in Sources */ = {isa = PBXBuildFile; fileRef = 7B5997682CCE62AD0035474F /* TableViewController.swift */; };
		7B59976B2CCE62C20035474F /* CollectionViewController.swift in Sources */ = {isa = PBXBuildFile; fileRef = 7B59976A2CCE62C20035474F /* CollectionViewController.swift */; };
/* End PBXBuildFile section */

/* Begin PBXContainerItemProxy section */
		7B59974C2CCE62400035474F /* PBXContainerItemProxy */ = {
			isa = PBXContainerItemProxy;
			containerPortal = 7B59972D2CCE623F0035474F /* Project object */;
			proxyType = 1;
			remoteGlobalIDString = 7B5997342CCE623F0035474F;
			remoteInfo = practice3;
		};
		7B5997562CCE62400035474F /* PBXContainerItemProxy */ = {
			isa = PBXContainerItemProxy;
			containerPortal = 7B59972D2CCE623F0035474F /* Project object */;
			proxyType = 1;
			remoteGlobalIDString = 7B5997342CCE623F0035474F;
			remoteInfo = practice3;
		};
/* End PBXContainerItemProxy section */

/* Begin PBXFileReference section */
		7B5997352CCE623F0035474F /* practice3.app */ = {isa = PBXFileReference; explicitFileType = wrapper.application; includeInIndex = 0; path = practice3.app; sourceTree = BUILT_PRODUCTS_DIR; };
		7B5997382CCE623F0035474F /* AppDelegate.swift */ = {isa = PBXFileReference; lastKnownFileType = sourcecode.swift; path = AppDelegate.swift; sourceTree = "<group>"; };
		7B59973A2CCE623F0035474F /* SceneDelegate.swift */ = {isa = PBXFileReference; lastKnownFileType = sourcecode.swift; path = SceneDelegate.swift; sourceTree = "<group>"; };
		7B59973C2CCE623F0035474F /* ViewController.swift */ = {isa = PBXFileReference; lastKnownFileType = sourcecode.swift; path = ViewController.swift; sourceTree = "<group>"; };
		7B59973F2CCE623F0035474F /* Base */ = {isa = PBXFileReference; lastKnownFileType = file.storyboard; name = Base; path = Base.lproj/Main.storyboard; sourceTree = "<group>"; };
		7B5997412CCE62400035474F /* Assets.xcassets */ = {isa = PBXFileReference; lastKnownFileType = folder.assetcatalog; path = Assets.xcassets; sourceTree = "<group>"; };
		7B5997442CCE62400035474F /* Base */ = {isa = PBXFileReference; lastKnownFileType = file.storyboard; name = Base; path = Base.lproj/LaunchScreen.storyboard; sourceTree = "<group>"; };
		7B5997462CCE62400035474F /* Info.plist */ = {isa = PBXFileReference; lastKnownFileType = text.plist.xml; path = Info.plist; sourceTree = "<group>"; };
		7B59974B2CCE62400035474F /* practice3Tests.xctest */ = {isa = PBXFileReference; explicitFileType = wrapper.cfbundle; includeInIndex = 0; path = practice3Tests.xctest; sourceTree = BUILT_PRODUCTS_DIR; };
		7B5997552CCE62400035474F /* practice3UITests.xctest */ = {isa = PBXFileReference; explicitFileType = wrapper.cfbundle; includeInIndex = 0; path = practice3UITests.xctest; sourceTree = BUILT_PRODUCTS_DIR; };
		7B5997682CCE62AD0035474F /* TableViewController.swift */ = {isa = PBXFileReference; lastKnownFileType = sourcecode.swift; path = TableViewController.swift; sourceTree = "<group>"; };
		7B59976A2CCE62C20035474F /* CollectionViewController.swift */ = {isa = PBXFileReference; lastKnownFileType = sourcecode.swift; path = CollectionViewController.swift; sourceTree = "<group>"; };
/* End PBXFileReference section */

/* Begin PBXFrameworksBuildPhase section */
		7B5997322CCE623F0035474F /* Frameworks */ = {
			isa = PBXFrameworksBuildPhase;
			buildActionMask = 2147483647;
			files = (
			);
			runOnlyForDeploymentPostprocessing = 0;
		};
		7B5997482CCE62400035474F /* Frameworks */ = {
			isa = PBXFrameworksBuildPhase;
			buildActionMask = 2147483647;
			files = (
			);
			runOnlyForDeploymentPostprocessing = 0;
		};
		7B5997522CCE62400035474F /* Frameworks */ = {
			isa = PBXFrameworksBuildPhase;
			buildActionMask = 2147483647;
			files = (
			);
			runOnlyForDeploymentPostprocessing = 0;
		};
/* End PBXFrameworksBuildPhase section */

/* Begin PBXGroup section */
		7B59972C2CCE623F0035474F = {
			isa = PBXGroup;
			children = (
				7B5997372CCE623F0035474F /* practice3 */,
				7B5997362CCE623F0035474F /* Products */,
			);
			sourceTree = "<group>";
		};
		7B5997362CCE623F0035474F /* Products */ = {
			isa = PBXGroup;
			children = (
				7B5997352CCE623F0035474F /* practice3.app */,
				7B59974B2CCE62400035474F /* practice3Tests.xctest */,
				7B5997552CCE62400035474F /* practice3UITests.xctest */,
			);
			name = Products;
			sourceTree = "<group>";
		};
		7B5997372CCE623F0035474F /* practice3 */ = {
			isa = PBXGroup;
			children = (
				7B5997382CCE623F0035474F /* AppDelegate.swift */,
				7B59973A2CCE623F0035474F /* SceneDelegate.swift */,
				7B59973C2CCE623F0035474F /* ViewController.swift */,
				7B59973E2CCE623F0035474F /* Main.storyboard */,
				7B5997412CCE62400035474F /* Assets.xcassets */,
				7B5997432CCE62400035474F /* LaunchScreen.storyboard */,
				7B5997462CCE62400035474F /* Info.plist */,
				7B5997682CCE62AD0035474F /* TableViewController.swift */,
				7B59976A2CCE62C20035474F /* CollectionViewController.swift */,
			);
			path = practice3;
			sourceTree = "<group>";
		};
/* End PBXGroup section */

/* Begin PBXNativeTarget section */
		7B5997342CCE623F0035474F /* practice3 */ = {
			isa = PBXNativeTarget;
			buildConfigurationList = 7B59975F2CCE62400035474F /* Build configuration list for PBXNativeTarget "practice3" */;
			buildPhases = (
				7B5997312CCE623F0035474F /* Sources */,
				7B5997322CCE623F0035474F /* Frameworks */,
				7B5997332CCE623F0035474F /* Resources */,
			);
			buildRules = (
			);
			dependencies = (
			);
			name = practice3;
			productName = practice3;
			productReference = 7B5997352CCE623F0035474F /* practice3.app */;
			productType = "com.apple.product-type.application";
		};
		7B59974A2CCE62400035474F /* practice3Tests */ = {
			isa = PBXNativeTarget;
			buildConfigurationList = 7B5997622CCE62400035474F /* Build configuration list for PBXNativeTarget "practice3Tests" */;
			buildPhases = (
				7B5997472CCE62400035474F /* Sources */,
				7B5997482CCE62400035474F /* Frameworks */,
				7B5997492CCE62400035474F /* Resources */,
			);
			buildRules = (
			);
			dependencies = (
				7B59974D2CCE62400035474F /* PBXTargetDependency */,
			);
			name = practice3Tests;
			productName = practice3Tests;
			productReference = 7B59974B2CCE62400035474F /* practice3Tests.xctest */;
			productType = "com.apple.product-type.bundle.unit-test";
		};
		7B5997542CCE62400035474F /* practice3UITests */ = {
			isa = PBXNativeTarget;
			buildConfigurationList = 7B5997652CCE62400035474F /* Build configuration list for PBXNativeTarget "practice3UITests" */;
			buildPhases = (
				7B5997512CCE62400035474F /* Sources */,
				7B5997522CCE62400035474F /* Frameworks */,
				7B5997532CCE62400035474F /* Resources */,
			);
			buildRules = (
			);
			dependencies = (
				7B5997572CCE62400035474F /* PBXTargetDependency */,
			);
			name = practice3UITests;
			productName = practice3UITests;
			productReference = 7B5997552CCE62400035474F /* practice3UITests.xctest */;
			productType = "com.apple.product-type.bundle.ui-testing";
		};
/* End PBXNativeTarget section */

/* Begin PBXProject section */
		7B59972D2CCE623F0035474F /* Project object */ = {
			isa = PBXProject;
			attributes = {
				BuildIndependentTargetsInParallel = 1;
				LastSwiftUpdateCheck = 1540;
				LastUpgradeCheck = 1540;
				TargetAttributes = {
					7B5997342CCE623F0035474F = {
						CreatedOnToolsVersion = 15.4;
					};
					7B59974A2CCE62400035474F = {
						CreatedOnToolsVersion = 15.4;
						TestTargetID = 7B5997342CCE623F0035474F;
					};
					7B5997542CCE62400035474F = {
						CreatedOnToolsVersion = 15.4;
						TestTargetID = 7B5997342CCE623F0035474F;
					};
				};
			};
			buildConfigurationList = 7B5997302CCE623F0035474F /* Build configuration list for PBXProject "practice3" */;
			compatibilityVersion = "Xcode 14.0";
			developmentRegion = en;
			hasScannedForEncodings = 0;
			knownRegions = (
				en,
				Base,
			);
			mainGroup = 7B59972C2CCE623F0035474F;
			productRefGroup = 7B5997362CCE623F0035474F /* Products */;
			projectDirPath = "";
			projectRoot = "";
			targets = (
				7B5997342CCE623F0035474F /* practice3 */,
				7B59974A2CCE62400035474F /* practice3Tests */,
				7B5997542CCE62400035474F /* practice3UITests */,
			);
		};
/* End PBXProject section */

/* Begin PBXResourcesBuildPhase section */
		7B5997332CCE623F0035474F /* Resources */ = {
			isa = PBXResourcesBuildPhase;
			buildActionMask = 2147483647;
			files = (
				7B5997422CCE62400035474F /* Assets.xcassets in Resources */,
				7B5997452CCE62400035474F /* Base in Resources */,
				7B5997402CCE623F0035474F /* Base in Resources */,
			);
			runOnlyForDeploymentPostprocessing = 0;
		};
		7B5997492CCE62400035474F /* Resources */ = {
			isa = PBXResourcesBuildPhase;
			buildActionMask = 2147483647;
			files = (
			);
			runOnlyForDeploymentPostprocessing = 0;
		};
		7B5997532CCE62400035474F /* Resources */ = {
			isa = PBXResourcesBuildPhase;
			buildActionMask = 2147483647;
			files = (
			);
			runOnlyForDeploymentPostprocessing = 0;
		};
/* End PBXResourcesBuildPhase section */

/* Begin PBXSourcesBuildPhase section */
		7B5997312CCE623F0035474F /* Sources */ = {
			isa = PBXSourcesBuildPhase;
			buildActionMask = 2147483647;
			files = (
				7B59973D2CCE623F0035474F /* ViewController.swift in Sources */,
				7B5997392CCE623F0035474F /* AppDelegate.swift in Sources */,
				7B59973B2CCE623F0035474F /* SceneDelegate.swift in Sources */,
				7B5997692CCE62AD0035474F /* TableViewController.swift in Sources */,
				7B59976B2CCE62C20035474F /* CollectionViewController.swift in Sources */,
			);
			runOnlyForDeploymentPostprocessing = 0;
		};
		7B5997472CCE62400035474F /* Sources */ = {
			isa = PBXSourcesBuildPhase;
			buildActionMask = 2147483647;
			files = (
			);
			runOnlyForDeploymentPostprocessing = 0;
		};
		7B5997512CCE62400035474F /* Sources */ = {
			isa = PBXSourcesBuildPhase;
			buildActionMask = 2147483647;
			files = (
			);
			runOnlyForDeploymentPostprocessing = 0;
		};
/* End PBXSourcesBuildPhase section */

/* Begin PBXTargetDependency section */
		7B59974D2CCE62400035474F /* PBXTargetDependency */ = {
			isa = PBXTargetDependency;
			target = 7B5997342CCE623F0035474F /* practice3 */;
			targetProxy = 7B59974C2CCE62400035474F /* PBXContainerItemProxy */;
		};
		7B5997572CCE62400035474F /* PBXTargetDependency */ = {
			isa = PBXTargetDependency;
			target = 7B5997342CCE623F0035474F /* practice3 */;
			targetProxy = 7B5997562CCE62400035474F /* PBXContainerItemProxy */;
		};
/* End PBXTargetDependency section */

/* Begin PBXVariantGroup section */
		7B59973E2CCE623F0035474F /* Main.storyboard */ = {
			isa = PBXVariantGroup;
			children = (
				7B59973F2CCE623F0035474F /* Base */,
			);
			name = Main.storyboard;
			sourceTree = "<group>";
		};
		7B5997432CCE62400035474F /* LaunchScreen.storyboard */ = {
			isa = PBXVariantGroup;
			children = (
				7B5997442CCE62400035474F /* Base */,
			);
			name = LaunchScreen.storyboard;
			sourceTree = "<group>";
		};
/* End PBXVariantGroup section */

/* Begin XCBuildConfiguration section */
		7B59975D2CCE62400035474F /* Debug */ = {
			isa = XCBuildConfiguration;
			buildSettings = {
				ALWAYS_SEARCH_USER_PATHS = NO;
				ASSETCATALOG_COMPILER_GENERATE_SWIFT_ASSET_SYMBOL_EXTENSIONS = YES;
				CLANG_ANALYZER_NONNULL = YES;
				CLANG_ANALYZER_NUMBER_OBJECT_CONVERSION = YES_AGGRESSIVE;
				CLANG_CXX_LANGUAGE_STANDARD = "gnu++20";
				CLANG_ENABLE_MODULES = YES;
				CLANG_ENABLE_OBJC_ARC = YES;
				CLANG_ENABLE_OBJC_WEAK = YES;
				CLANG_WARN_BLOCK_CAPTURE_AUTORELEASING = YES;
				CLANG_WARN_BOOL_CONVERSION = YES;
				CLANG_WARN_COMMA = YES;
				CLANG_WARN_CONSTANT_CONVERSION = YES;
				CLANG_WARN_DEPRECATED_OBJC_IMPLEMENTATIONS = YES;
				CLANG_WARN_DIRECT_OBJC_ISA_USAGE = YES_ERROR;
				CLANG_WARN_DOCUMENTATION_COMMENTS = YES;
				CLANG_WARN_EMPTY_BODY = YES;
				CLANG_WARN_ENUM_CONVERSION = YES;
				CLANG_WARN_INFINITE_RECURSION = YES;
				CLANG_WARN_INT_CONVERSION = YES;
				CLANG_WARN_NON_LITERAL_NULL_CONVERSION = YES;
				CLANG_WARN_OBJC_IMPLICIT_RETAIN_SELF = YES;
				CLANG_WARN_OBJC_LITERAL_CONVERSION = YES;
				CLANG_WARN_OBJC_ROOT_CLASS = YES_ERROR;
				CLANG_WARN_QUOTED_INCLUDE_IN_FRAMEWORK_HEADER = YES;
				CLANG_WARN_RANGE_LOOP_ANALYSIS = YES;
				CLANG_WARN_STRICT_PROTOTYPES = YES;
				CLANG_WARN_SUSPICIOUS_MOVE = YES;
				CLANG_WARN_UNGUARDED_AVAILABILITY = YES_AGGRESSIVE;
				CLANG_WARN_UNREACHABLE_CODE = YES;
				CLANG_WARN__DUPLICATE_METHOD_MATCH = YES;
				COPY_PHASE_STRIP = NO;
				DEBUG_INFORMATION_FORMAT = dwarf;
				ENABLE_STRICT_OBJC_MSGSEND = YES;
				ENABLE_TESTABILITY = YES;
				ENABLE_USER_SCRIPT_SANDBOXING = YES;
				GCC_C_LANGUAGE_STANDARD = gnu17;
				GCC_DYNAMIC_NO_PIC = NO;
				GCC_NO_COMMON_BLOCKS = YES;
				GCC_OPTIMIZATION_LEVEL = 0;
				GCC_PREPROCESSOR_DEFINITIONS = (
					"DEBUG=1",
					"$(inherited)",
				);
				GCC_WARN_64_TO_32_BIT_CONVERSION = YES;
				GCC_WARN_ABOUT_RETURN_TYPE = YES_ERROR;
				GCC_WARN_UNDECLARED_SELECTOR = YES;
				GCC_WARN_UNINITIALIZED_AUTOS = YES_AGGRESSIVE;
				GCC_WARN_UNUSED_FUNCTION = YES;
				GCC_WARN_UNUSED_VARIABLE = YES;
				IPHONEOS_DEPLOYMENT_TARGET = 17.5;
				LOCALIZATION_PREFERS_STRING_CATALOGS = YES;
				MTL_ENABLE_DEBUG_INFO = INCLUDE_SOURCE;
				MTL_FAST_MATH = YES;
				ONLY_ACTIVE_ARCH = YES;
				SDKROOT = iphoneos;
				SWIFT_ACTIVE_COMPILATION_CONDITIONS = "DEBUG $(inherited)";
				SWIFT_OPTIMIZATION_LEVEL = "-Onone";
			};
			name = Debug;
		};
		7B59975E2CCE62400035474F /* Release */ = {
			isa = XCBuildConfiguration;
			buildSettings = {
				ALWAYS_SEARCH_USER_PATHS = NO;
				ASSETCATALOG_COMPILER_GENERATE_SWIFT_ASSET_SYMBOL_EXTENSIONS = YES;
				CLANG_ANALYZER_NONNULL = YES;
				CLANG_ANALYZER_NUMBER_OBJECT_CONVERSION = YES_AGGRESSIVE;
				CLANG_CXX_LANGUAGE_STANDARD = "gnu++20";
				CLANG_ENABLE_MODULES = YES;
				CLANG_ENABLE_OBJC_ARC = YES;
				CLANG_ENABLE_OBJC_WEAK = YES;
				CLANG_WARN_BLOCK_CAPTURE_AUTORELEASING = YES;
				CLANG_WARN_BOOL_CONVERSION = YES;
				CLANG_WARN_COMMA = YES;
				CLANG_WARN_CONSTANT_CONVERSION = YES;
				CLANG_WARN_DEPRECATED_OBJC_IMPLEMENTATIONS = YES;
				CLANG_WARN_DIRECT_OBJC_ISA_USAGE = YES_ERROR;
				CLANG_WARN_DOCUMENTATION_COMMENTS = YES;
				CLANG_WARN_EMPTY_BODY = YES;
				CLANG_WARN_ENUM_CONVERSION = YES;
				CLANG_WARN_INFINITE_RECURSION = YES;
				CLANG_WARN_INT_CONVERSION = YES;
				CLANG_WARN_NON_LITERAL_NULL_CONVERSION = YES;
				CLANG_WARN_OBJC_IMPLICIT_RETAIN_SELF = YES;
				CLANG_WARN_OBJC_LITERAL_CONVERSION = YES;
				CLANG_WARN_OBJC_ROOT_CLASS = YES_ERROR;
				CLANG_WARN_QUOTED_INCLUDE_IN_FRAMEWORK_HEADER = YES;
				CLANG_WARN_RANGE_LOOP_ANALYSIS = YES;
				CLANG_WARN_STRICT_PROTOTYPES = YES;
				CLANG_WARN_SUSPICIOUS_MOVE = YES;
				CLANG_WARN_UNGUARDED_AVAILABILITY = YES_AGGRESSIVE;
				CLANG_WARN_UNREACHABLE_CODE = YES;
				CLANG_WARN__DUPLICATE_METHOD_MATCH = YES;
				COPY_PHASE_STRIP = NO;
				DEBUG_INFORMATION_FORMAT = "dwarf-with-dsym";
				ENABLE_NS_ASSERTIONS = NO;
				ENABLE_STRICT_OBJC_MSGSEND = YES;
				ENABLE_USER_SCRIPT_SANDBOXING = YES;
				GCC_C_LANGUAGE_STANDARD = gnu17;
				GCC_NO_COMMON_BLOCKS = YES;
				GCC_WARN_64_TO_32_BIT_CONVERSION = YES;
				GCC_WARN_ABOUT_RETURN_TYPE = YES_ERROR;
				GCC_WARN_UNDECLARED_SELECTOR = YES;
				GCC_WARN_UNINITIALIZED_AUTOS = YES_AGGRESSIVE;
				GCC_WARN_UNUSED_FUNCTION = YES;
				GCC_WARN_UNUSED_VARIABLE = YES;
				IPHONEOS_DEPLOYMENT_TARGET = 17.5;
				LOCALIZATION_PREFERS_STRING_CATALOGS = YES;
				MTL_ENABLE_DEBUG_INFO = NO;
				MTL_FAST_MATH = YES;
				SDKROOT = iphoneos;
				SWIFT_COMPILATION_MODE = wholemodule;
				VALIDATE_PRODUCT = YES;
			};
			name = Release;
		};
		7B5997602CCE62400035474F /* Debug */ = {
			isa = XCBuildConfiguration;
			buildSettings = {
				ASSETCATALOG_COMPILER_APPICON_NAME = AppIcon;
				ASSETCATALOG_COMPILER_GLOBAL_ACCENT_COLOR_NAME = AccentColor;
				CODE_SIGN_STYLE = Automatic;
				CURRENT_PROJECT_VERSION = 1;
				GENERATE_INFOPLIST_FILE = YES;
				INFOPLIST_FILE = practice3/Info.plist;
				INFOPLIST_KEY_UIApplicationSupportsIndirectInputEvents = YES;
				INFOPLIST_KEY_UILaunchStoryboardName = LaunchScreen;
				INFOPLIST_KEY_UIMainStoryboardFile = Main;
				INFOPLIST_KEY_UISupportedInterfaceOrientations_iPad = "UIInterfaceOrientationPortrait UIInterfaceOrientationPortraitUpsideDown UIInterfaceOrientationLandscapeLeft UIInterfaceOrientationLandscapeRight";
				INFOPLIST_KEY_UISupportedInterfaceOrientations_iPhone = "UIInterfaceOrientationPortrait UIInterfaceOrientationLandscapeLeft UIInterfaceOrientationLandscapeRight";
				LD_RUNPATH_SEARCH_PATHS = (
					"$(inherited)",
					"@executable_path/Frameworks",
				);
				MARKETING_VERSION = 1.0;
				PRODUCT_BUNDLE_IDENTIFIER = romaa.practice3;
				PRODUCT_NAME = "$(TARGET_NAME)";
				SWIFT_EMIT_LOC_STRINGS = YES;
				SWIFT_VERSION = 5.0;
				TARGETED_DEVICE_FAMILY = "1,2";
			};
			name = Debug;
		};
		7B5997612CCE62400035474F /* Release */ = {
			isa = XCBuildConfiguration;
			buildSettings = {
				ASSETCATALOG_COMPILER_APPICON_NAME = AppIcon;
				ASSETCATALOG_COMPILER_GLOBAL_ACCENT_COLOR_NAME = AccentColor;
				CODE_SIGN_STYLE = Automatic;
				CURRENT_PROJECT_VERSION = 1;
				GENERATE_INFOPLIST_FILE = YES;
				INFOPLIST_FILE = practice3/Info.plist;
				INFOPLIST_KEY_UIApplicationSupportsIndirectInputEvents = YES;
				INFOPLIST_KEY_UILaunchStoryboardName = LaunchScreen;
				INFOPLIST_KEY_UIMainStoryboardFile = Main;
				INFOPLIST_KEY_UISupportedInterfaceOrientations_iPad = "UIInterfaceOrientationPortrait UIInterfaceOrientationPortraitUpsideDown UIInterfaceOrientationLandscapeLeft UIInterfaceOrientationLandscapeRight";
				INFOPLIST_KEY_UISupportedInterfaceOrientations_iPhone = "UIInterfaceOrientationPortrait UIInterfaceOrientationLandscapeLeft UIInterfaceOrientationLandscapeRight";
				LD_RUNPATH_SEARCH_PATHS = (
					"$(inherited)",
					"@executable_path/Frameworks",
				);
				MARKETING_VERSION = 1.0;
				PRODUCT_BUNDLE_IDENTIFIER = romaa.practice3;
				PRODUCT_NAME = "$(TARGET_NAME)";
				SWIFT_EMIT_LOC_STRINGS = YES;
				SWIFT_VERSION = 5.0;
				TARGETED_DEVICE_FAMILY = "1,2";
			};
			name = Release;
		};
		7B5997632CCE62400035474F /* Debug */ = {
			isa = XCBuildConfiguration;
			buildSettings = {
				ALWAYS_EMBED_SWIFT_STANDARD_LIBRARIES = YES;
				BUNDLE_LOADER = "$(TEST_HOST)";
				CODE_SIGN_STYLE = Automatic;
				CURRENT_PROJECT_VERSION = 1;
				GENERATE_INFOPLIST_FILE = YES;
				IPHONEOS_DEPLOYMENT_TARGET = 17.5;
				MARKETING_VERSION = 1.0;
				PRODUCT_BUNDLE_IDENTIFIER = romaa.practice3Tests;
				PRODUCT_NAME = "$(TARGET_NAME)";
				SWIFT_EMIT_LOC_STRINGS = NO;
				SWIFT_VERSION = 5.0;
				TARGETED_DEVICE_FAMILY = "1,2";
				TEST_HOST = "$(BUILT_PRODUCTS_DIR)/practice3.app/$(BUNDLE_EXECUTABLE_FOLDER_PATH)/practice3";
			};
			name = Debug;
		};
		7B5997642CCE62400035474F /* Release */ = {
			isa = XCBuildConfiguration;
			buildSettings = {
				ALWAYS_EMBED_SWIFT_STANDARD_LIBRARIES = YES;
				BUNDLE_LOADER = "$(TEST_HOST)";
				CODE_SIGN_STYLE = Automatic;
				CURRENT_PROJECT_VERSION = 1;
				GENERATE_INFOPLIST_FILE = YES;
				IPHONEOS_DEPLOYMENT_TARGET = 17.5;
				MARKETING_VERSION = 1.0;
				PRODUCT_BUNDLE_IDENTIFIER = romaa.practice3Tests;
				PRODUCT_NAME = "$(TARGET_NAME)";
				SWIFT_EMIT_LOC_STRINGS = NO;
				SWIFT_VERSION = 5.0;
				TARGETED_DEVICE_FAMILY = "1,2";
				TEST_HOST = "$(BUILT_PRODUCTS_DIR)/practice3.app/$(BUNDLE_EXECUTABLE_FOLDER_PATH)/practice3";
			};
			name = Release;
		};
		7B5997662CCE62400035474F /* Debug */ = {
			isa = XCBuildConfiguration;
			buildSettings = {
				ALWAYS_EMBED_SWIFT_STANDARD_LIBRARIES = YES;
				CODE_SIGN_STYLE = Automatic;
				CURRENT_PROJECT_VERSION = 1;
				GENERATE_INFOPLIST_FILE = YES;
				MARKETING_VERSION = 1.0;
				PRODUCT_BUNDLE_IDENTIFIER = romaa.practice3UITests;
				PRODUCT_NAME = "$(TARGET_NAME)";
				SWIFT_EMIT_LOC_STRINGS = NO;
				SWIFT_VERSION = 5.0;
				TARGETED_DEVICE_FAMILY = "1,2";
				TEST_TARGET_NAME = practice3;
			};
			name = Debug;
		};
		7B5997672CCE62400035474F /* Release */ = {
			isa = XCBuildConfiguration;
			buildSettings = {
				ALWAYS_EMBED_SWIFT_STANDARD_LIBRARIES = YES;
				CODE_SIGN_STYLE = Automatic;
				CURRENT_PROJECT_VERSION = 1;
				GENERATE_INFOPLIST_FILE = YES;
				MARKETING_VERSION = 1.0;
				PRODUCT_BUNDLE_IDENTIFIER = romaa.practice3UITests;
				PRODUCT_NAME = "$(TARGET_NAME)";
				SWIFT_EMIT_LOC_STRINGS = NO;
				SWIFT_VERSION = 5.0;
				TARGETED_DEVICE_FAMILY = "1,2";
				TEST_TARGET_NAME = practice3;
			};
			name = Release;
		};
/* End XCBuildConfiguration section */

/* Begin XCConfigurationList section */
		7B5997302CCE623F0035474F /* Build configuration list for PBXProject "practice3" */ = {
			isa = XCConfigurationList;
			buildConfigurations = (
				7B59975D2CCE62400035474F /* Debug */,
				7B59975E2CCE62400035474F /* Release */,
			);
			defaultConfigurationIsVisible = 0;
			defaultConfigurationName = Release;
		};
		7B59975F2CCE62400035474F /* Build configuration list for PBXNativeTarget "practice3" */ = {
			isa = XCConfigurationList;
			buildConfigurations = (
				7B5997602CCE62400035474F /* Debug */,
				7B5997612CCE62400035474F /* Release */,
			);
			defaultConfigurationIsVisible = 0;
			defaultConfigurationName = Release;
		};
		7B5997622CCE62400035474F /* Build configuration list for PBXNativeTarget "practice3Tests" */ = {
			isa = XCConfigurationList;
			buildConfigurations = (
				7B5997632CCE62400035474F /* Debug */,
				7B5997642CCE62400035474F /* Release */,
			);
			defaultConfigurationIsVisible = 0;
			defaultConfigurationName = Release;
		};
		7B5997652CCE62400035474F /* Build configuration list for PBXNativeTarget "practice3UITests" */ = {
			isa = XCConfigurationList;
			buildConfigurations = (
				7B5997662CCE62400035474F /* Debug */,
				7B5997672CCE62400035474F /* Release */,
			);
			defaultConfigurationIsVisible = 0;
			defaultConfigurationName = Release;
		};
/* End XCConfigurationList section */
	};
	rootObject = 7B59972D2CCE623F0035474F /* Project object */;
}
